
Microsoft Visual Studio Solution File, Format Version 12.00
# Visual Studio Version 16
VisualStudioVersion = 16.0.30517.126
MinimumVisualStudioVersion = 10.0.40219.1
Project("{9A19103F-16F7-4668-BE54-9A1E7A4F7556}") = "ProducerConsumer", "ProducerConsumer\ProducerConsumer.csproj", "{09AE9255-9E9B-4A17-8A30-DD042F736D05}"
EndProject
Project("{FAE04EC0-301F-11D3-BF4B-00C04F79EFBC}") = "ProducerConsumer.Library", "ProducerConsumer.Library\ProducerConsumer.Library.csproj", "{504D10E0-AB00-4D84-9005-95595402AC82}"
EndProject
Project("{FAE04EC0-301F-11D3-BF4B-00C04F79EFBC}") = "ProducerConsumer.Tests", "ProducerConsumer.Tests\ProducerConsumer.Tests.csproj", "{95DE21C1-598F-493B-BB7D-CA677D2276D0}"
EndProject
Global
	GlobalSection(SolutionConfigurationPlatforms) = preSolution
		Debug|Any CPU = Debug|Any CPU
		Release|Any CPU = Release|Any CPU
	EndGlobalSection
	GlobalSection(ProjectConfigurationPlatforms) = postSolution
		{09AE9255-9E9B-4A17-8A30-DD042F736D05}.Debug|Any CPU.ActiveCfg = Debug|Any CPU
		{09AE9255-9E9B-4A17-8A30-DD042F736D05}.Debug|Any CPU.Build.0 = Debug|Any CPU
		{09AE9255-9E9B-4A17-8A30-DD042F736D05}.Release|Any CPU.ActiveCfg = Release|Any CPU
		{09AE9255-9E9B-4A17-8A30-DD042F736D05}.Release|Any CPU.Build.0 = Release|Any CPU
		{504D10E0-AB00-4D84-9005-95595402AC82}.Debug|Any CPU.ActiveCfg = Debug|Any CPU
		{504D10E0-AB00-4D84-9005-95595402AC82}.Debug|Any CPU.Build.0 = Debug|Any CPU
		{504D10E0-AB00-4D84-9005-95595402AC82}.Release|Any CPU.ActiveCfg = Release|Any CPU
		{504D10E0-AB00-4D84-9005-95595402AC82}.Release|Any CPU.Build.0 = Release|Any CPU
		{95DE21C1-598F-493B-BB7D-CA677D2276D0}.Debug|Any CPU.ActiveCfg = Debug|Any CPU
		{95DE21C1-598F-493B-BB7D-CA677D2276D0}.Debug|Any CPU.Build.0 = Debug|Any CPU
		{95DE21C1-598F-493B-BB7D-CA677D2276D0}.Release|Any CPU.ActiveCfg = Release|Any CPU
		{95DE21C1-598F-493B-BB7D-CA677D2276D0}.Release|Any CPU.Build.0 = Release|Any CPU
	EndGlobalSection
	GlobalSection(SolutionProperties) = preSolution
		HideSolutionNode = FALSE
	EndGlobalSection
	GlobalSection(ExtensibilityGlobals) = postSolution
		SolutionGuid = {84D04503-12EF-4AC8-839E-E2A3CA00A595}
	EndGlobalSection
EndGlobal
