
Microsoft Visual Studio Solution File, Format Version 12.00
# Visual Studio Version 16
VisualStudioVersion = 16.0.30225.117
MinimumVisualStudioVersion = 10.0.40219.1
Project("{9A19103F-16F7-4668-BE54-9A1E7A4F7556}") = "Chat", "Chat\Chat.csproj", "{78AD5710-7A81-43E9-9FF5-8DB9950D29C3}"
EndProject
Project("{9A19103F-16F7-4668-BE54-9A1E7A4F7556}") = "Chat.Client", "Chat.Client\Chat.Client.csproj", "{B4FB3C76-14C9-4A7E-AC44-6DABFEED0178}"
EndProject
Project("{9A19103F-16F7-4668-BE54-9A1E7A4F7556}") = "Chat.Application", "Chat.Application\Chat.Application.csproj", "{081118BA-D30B-4E6E-BCC7-1D2CCBBDB830}"
EndProject
Project("{9A19103F-16F7-4668-BE54-9A1E7A4F7556}") = "Chat.StringMethod", "Chat.StringMethod\Chat.StringMethod.csproj", "{95D856EA-61B4-4873-B578-453911504F7D}"
EndProject
Project("{FAE04EC0-301F-11D3-BF4B-00C04F79EFBC}") = "Chat.Tests", "Chat.Tests\Chat.Tests.csproj", "{CF3EF3FC-2E01-4498-94A1-453C107CAF1D}"
EndProject
Global
	GlobalSection(SolutionConfigurationPlatforms) = preSolution
		Debug|Any CPU = Debug|Any CPU
		Release|Any CPU = Release|Any CPU
	EndGlobalSection
	GlobalSection(ProjectConfigurationPlatforms) = postSolution
		{78AD5710-7A81-43E9-9FF5-8DB9950D29C3}.Debug|Any CPU.ActiveCfg = Debug|Any CPU
		{78AD5710-7A81-43E9-9FF5-8DB9950D29C3}.Debug|Any CPU.Build.0 = Debug|Any CPU
		{78AD5710-7A81-43E9-9FF5-8DB9950D29C3}.Release|Any CPU.ActiveCfg = Release|Any CPU
		{78AD5710-7A81-43E9-9FF5-8DB9950D29C3}.Release|Any CPU.Build.0 = Release|Any CPU
		{B4FB3C76-14C9-4A7E-AC44-6DABFEED0178}.Debug|Any CPU.ActiveCfg = Debug|Any CPU
		{B4FB3C76-14C9-4A7E-AC44-6DABFEED0178}.Debug|Any CPU.Build.0 = Debug|Any CPU
		{B4FB3C76-14C9-4A7E-AC44-6DABFEED0178}.Release|Any CPU.ActiveCfg = Release|Any CPU
		{B4FB3C76-14C9-4A7E-AC44-6DABFEED0178}.Release|Any CPU.Build.0 = Release|Any CPU
		{081118BA-D30B-4E6E-BCC7-1D2CCBBDB830}.Debug|Any CPU.ActiveCfg = Debug|Any CPU
		{081118BA-D30B-4E6E-BCC7-1D2CCBBDB830}.Debug|Any CPU.Build.0 = Debug|Any CPU
		{081118BA-D30B-4E6E-BCC7-1D2CCBBDB830}.Release|Any CPU.ActiveCfg = Release|Any CPU
		{081118BA-D30B-4E6E-BCC7-1D2CCBBDB830}.Release|Any CPU.Build.0 = Release|Any CPU
		{95D856EA-61B4-4873-B578-453911504F7D}.Debug|Any CPU.ActiveCfg = Debug|Any CPU
		{95D856EA-61B4-4873-B578-453911504F7D}.Debug|Any CPU.Build.0 = Debug|Any CPU
		{95D856EA-61B4-4873-B578-453911504F7D}.Release|Any CPU.ActiveCfg = Release|Any CPU
		{95D856EA-61B4-4873-B578-453911504F7D}.Release|Any CPU.Build.0 = Release|Any CPU
		{CF3EF3FC-2E01-4498-94A1-453C107CAF1D}.Debug|Any CPU.ActiveCfg = Debug|Any CPU
		{CF3EF3FC-2E01-4498-94A1-453C107CAF1D}.Debug|Any CPU.Build.0 = Debug|Any CPU
		{CF3EF3FC-2E01-4498-94A1-453C107CAF1D}.Release|Any CPU.ActiveCfg = Release|Any CPU
		{CF3EF3FC-2E01-4498-94A1-453C107CAF1D}.Release|Any CPU.Build.0 = Release|Any CPU
	EndGlobalSection
	GlobalSection(SolutionProperties) = preSolution
		HideSolutionNode = FALSE
	EndGlobalSection
	GlobalSection(ExtensibilityGlobals) = postSolution
		SolutionGuid = {0D45DA04-6DCF-4A5C-B061-55FFB00F64E2}
	EndGlobalSection
EndGlobal
