
Microsoft Visual Studio Solution File, Format Version 12.00
# Visual Studio Version 16
VisualStudioVersion = 16.0.30517.126
MinimumVisualStudioVersion = 10.0.40219.1
Project("{9A19103F-16F7-4668-BE54-9A1E7A4F7556}") = "Bash", "Bash\Bash.csproj", "{B7BDF75F-F83F-4696-828C-7BE35D6A1690}"
EndProject
Project("{FAE04EC0-301F-11D3-BF4B-00C04F79EFBC}") = "BashLibrary", "BashLibrary\BashLibrary.csproj", "{AF68ABD0-BAC9-4DAD-A174-D0CBA484BFF2}"
EndProject
Project("{FAE04EC0-301F-11D3-BF4B-00C04F79EFBC}") = "Bash.Test", "Bash.Test\Bash.Test.csproj", "{68869245-B545-4723-9179-8F63C9F130BF}"
EndProject
Global
	GlobalSection(SolutionConfigurationPlatforms) = preSolution
		Debug|Any CPU = Debug|Any CPU
		Release|Any CPU = Release|Any CPU
	EndGlobalSection
	GlobalSection(ProjectConfigurationPlatforms) = postSolution
		{B7BDF75F-F83F-4696-828C-7BE35D6A1690}.Debug|Any CPU.ActiveCfg = Debug|Any CPU
		{B7BDF75F-F83F-4696-828C-7BE35D6A1690}.Debug|Any CPU.Build.0 = Debug|Any CPU
		{B7BDF75F-F83F-4696-828C-7BE35D6A1690}.Release|Any CPU.ActiveCfg = Release|Any CPU
		{B7BDF75F-F83F-4696-828C-7BE35D6A1690}.Release|Any CPU.Build.0 = Release|Any CPU
		{AF68ABD0-BAC9-4DAD-A174-D0CBA484BFF2}.Debug|Any CPU.ActiveCfg = Debug|Any CPU
		{AF68ABD0-BAC9-4DAD-A174-D0CBA484BFF2}.Debug|Any CPU.Build.0 = Debug|Any CPU
		{AF68ABD0-BAC9-4DAD-A174-D0CBA484BFF2}.Release|Any CPU.ActiveCfg = Release|Any CPU
		{AF68ABD0-BAC9-4DAD-A174-D0CBA484BFF2}.Release|Any CPU.Build.0 = Release|Any CPU
		{68869245-B545-4723-9179-8F63C9F130BF}.Debug|Any CPU.ActiveCfg = Debug|Any CPU
		{68869245-B545-4723-9179-8F63C9F130BF}.Debug|Any CPU.Build.0 = Debug|Any CPU
		{68869245-B545-4723-9179-8F63C9F130BF}.Release|Any CPU.ActiveCfg = Release|Any CPU
		{68869245-B545-4723-9179-8F63C9F130BF}.Release|Any CPU.Build.0 = Release|Any CPU
	EndGlobalSection
	GlobalSection(SolutionProperties) = preSolution
		HideSolutionNode = FALSE
	EndGlobalSection
	GlobalSection(ExtensibilityGlobals) = postSolution
		SolutionGuid = {EF433088-A70B-4132-89E9-FAEE75C771E2}
	EndGlobalSection
EndGlobal
