
Microsoft Visual Studio Solution File, Format Version 12.00
# Visual Studio Version 16
VisualStudioVersion = 16.0.30709.132
MinimumVisualStudioVersion = 10.0.40219.1
Project("{FAE04EC0-301F-11D3-BF4B-00C04F79EFBC}") = "SimpleHierarchy", "SimpleHierarchy\SimpleHierarchy.csproj", "{61744BAE-E98C-46F3-8555-67B18C713BC0}"
EndProject
Project("{FAE04EC0-301F-11D3-BF4B-00C04F79EFBC}") = "AbstractClassLibrary", "AbstractClassLibrary\AbstractClassLibrary.csproj", "{4C35A2D6-5A25-40F1-B337-8EE6E5A90BBB}"
EndProject
Project("{FAE04EC0-301F-11D3-BF4B-00C04F79EFBC}") = "IceCreamRecipes", "IceCreamRecipes\IceCreamRecipes.csproj", "{59562F88-C3FB-437A-A104-01F34EA13014}"
EndProject
Project("{FAE04EC0-301F-11D3-BF4B-00C04F79EFBC}") = "SimpleHierarchy.Tests", "SimpleHierarchy.Tests\SimpleHierarchy.Tests.csproj", "{77B8B16A-29CE-45D5-ABF3-961DDED58105}"
EndProject
Global
	GlobalSection(SolutionConfigurationPlatforms) = preSolution
		Debug|Any CPU = Debug|Any CPU
		Release|Any CPU = Release|Any CPU
	EndGlobalSection
	GlobalSection(ProjectConfigurationPlatforms) = postSolution
		{61744BAE-E98C-46F3-8555-67B18C713BC0}.Debug|Any CPU.ActiveCfg = Debug|Any CPU
		{61744BAE-E98C-46F3-8555-67B18C713BC0}.Debug|Any CPU.Build.0 = Debug|Any CPU
		{61744BAE-E98C-46F3-8555-67B18C713BC0}.Release|Any CPU.ActiveCfg = Release|Any CPU
		{61744BAE-E98C-46F3-8555-67B18C713BC0}.Release|Any CPU.Build.0 = Release|Any CPU
		{4C35A2D6-5A25-40F1-B337-8EE6E5A90BBB}.Debug|Any CPU.ActiveCfg = Debug|Any CPU
		{4C35A2D6-5A25-40F1-B337-8EE6E5A90BBB}.Debug|Any CPU.Build.0 = Debug|Any CPU
		{4C35A2D6-5A25-40F1-B337-8EE6E5A90BBB}.Release|Any CPU.ActiveCfg = Release|Any CPU
		{4C35A2D6-5A25-40F1-B337-8EE6E5A90BBB}.Release|Any CPU.Build.0 = Release|Any CPU
		{59562F88-C3FB-437A-A104-01F34EA13014}.Debug|Any CPU.ActiveCfg = Debug|Any CPU
		{59562F88-C3FB-437A-A104-01F34EA13014}.Debug|Any CPU.Build.0 = Debug|Any CPU
		{59562F88-C3FB-437A-A104-01F34EA13014}.Release|Any CPU.ActiveCfg = Release|Any CPU
		{59562F88-C3FB-437A-A104-01F34EA13014}.Release|Any CPU.Build.0 = Release|Any CPU
		{77B8B16A-29CE-45D5-ABF3-961DDED58105}.Debug|Any CPU.ActiveCfg = Debug|Any CPU
		{77B8B16A-29CE-45D5-ABF3-961DDED58105}.Debug|Any CPU.Build.0 = Debug|Any CPU
		{77B8B16A-29CE-45D5-ABF3-961DDED58105}.Release|Any CPU.ActiveCfg = Release|Any CPU
		{77B8B16A-29CE-45D5-ABF3-961DDED58105}.Release|Any CPU.Build.0 = Release|Any CPU
	EndGlobalSection
	GlobalSection(SolutionProperties) = preSolution
		HideSolutionNode = FALSE
	EndGlobalSection
	GlobalSection(ExtensibilityGlobals) = postSolution
		SolutionGuid = {B513B6AD-1B14-4C6C-BD25-F5A4D0AE30DE}
	EndGlobalSection
EndGlobal
