
Microsoft Visual Studio Solution File, Format Version 12.00
# Visual Studio Version 16
VisualStudioVersion = 16.0.30709.132
MinimumVisualStudioVersion = 10.0.40219.1
Project("{FAE04EC0-301F-11D3-BF4B-00C04F79EFBC}") = "NinthTask", "NinthTask.csproj", "{7FBD8690-DCE4-415F-A16D-2403B325456C}"
EndProject
Global
	GlobalSection(SolutionConfigurationPlatforms) = preSolution
		Debug|Any CPU = Debug|Any CPU
		Release|Any CPU = Release|Any CPU
	EndGlobalSection
	GlobalSection(ProjectConfigurationPlatforms) = postSolution
		{7FBD8690-DCE4-415F-A16D-2403B325456C}.Debug|Any CPU.ActiveCfg = Debug|Any CPU
		{7FBD8690-DCE4-415F-A16D-2403B325456C}.Debug|Any CPU.Build.0 = Debug|Any CPU
		{7FBD8690-DCE4-415F-A16D-2403B325456C}.Release|Any CPU.ActiveCfg = Release|Any CPU
		{7FBD8690-DCE4-415F-A16D-2403B325456C}.Release|Any CPU.Build.0 = Release|Any CPU
	EndGlobalSection
	GlobalSection(SolutionProperties) = preSolution
		HideSolutionNode = FALSE
	EndGlobalSection
	GlobalSection(ExtensibilityGlobals) = postSolution
		SolutionGuid = {457BDA5B-4ECA-4CD0-8FF2-D1B0E3586FCC}
	EndGlobalSection
EndGlobal
