
Microsoft Visual Studio Solution File, Format Version 12.00
# Visual Studio Version 16
VisualStudioVersion = 16.0.30503.244
MinimumVisualStudioVersion = 10.0.40219.1
Project("{9A19103F-16F7-4668-BE54-9A1E7A4F7556}") = "TaskThreadPool", "TaskThreadPool.csproj", "{7D5DFB34-3214-49F9-A006-2566E83C45BF}"
EndProject
Project("{9A19103F-16F7-4668-BE54-9A1E7A4F7556}") = "ThreadPool", "..\ThreadPool\ThreadPool.csproj", "{2C715245-FE48-4F7C-8C76-565BA91C2B47}"
EndProject
Project("{FAE04EC0-301F-11D3-BF4B-00C04F79EFBC}") = "TaskThreadPool.Tests", "..\TaskThreadPool.Tests\TaskThreadPool.Tests.csproj", "{5539EDAC-3F9D-4429-A520-0469857313CB}"
EndProject
Global
	GlobalSection(SolutionConfigurationPlatforms) = preSolution
		Debug|Any CPU = Debug|Any CPU
		Release|Any CPU = Release|Any CPU
	EndGlobalSection
	GlobalSection(ProjectConfigurationPlatforms) = postSolution
		{7D5DFB34-3214-49F9-A006-2566E83C45BF}.Debug|Any CPU.ActiveCfg = Debug|Any CPU
		{7D5DFB34-3214-49F9-A006-2566E83C45BF}.Debug|Any CPU.Build.0 = Debug|Any CPU
		{7D5DFB34-3214-49F9-A006-2566E83C45BF}.Release|Any CPU.ActiveCfg = Release|Any CPU
		{7D5DFB34-3214-49F9-A006-2566E83C45BF}.Release|Any CPU.Build.0 = Release|Any CPU
		{2C715245-FE48-4F7C-8C76-565BA91C2B47}.Debug|Any CPU.ActiveCfg = Debug|Any CPU
		{2C715245-FE48-4F7C-8C76-565BA91C2B47}.Debug|Any CPU.Build.0 = Debug|Any CPU
		{2C715245-FE48-4F7C-8C76-565BA91C2B47}.Release|Any CPU.ActiveCfg = Release|Any CPU
		{2C715245-FE48-4F7C-8C76-565BA91C2B47}.Release|Any CPU.Build.0 = Release|Any CPU
		{5539EDAC-3F9D-4429-A520-0469857313CB}.Debug|Any CPU.ActiveCfg = Debug|Any CPU
		{5539EDAC-3F9D-4429-A520-0469857313CB}.Debug|Any CPU.Build.0 = Debug|Any CPU
		{5539EDAC-3F9D-4429-A520-0469857313CB}.Release|Any CPU.ActiveCfg = Release|Any CPU
		{5539EDAC-3F9D-4429-A520-0469857313CB}.Release|Any CPU.Build.0 = Release|Any CPU
	EndGlobalSection
	GlobalSection(SolutionProperties) = preSolution
		HideSolutionNode = FALSE
	EndGlobalSection
	GlobalSection(ExtensibilityGlobals) = postSolution
		SolutionGuid = {936FFE84-1656-48E0-8DED-DE749DC61597}
	EndGlobalSection
EndGlobal
