
Microsoft Visual Studio Solution File, Format Version 12.00
# Visual Studio Version 16
VisualStudioVersion = 16.0.30002.166
MinimumVisualStudioVersion = 10.0.40219.1
Project("{9A19103F-16F7-4668-BE54-9A1E7A4F7556}") = "Roulette.Casino", "Roulette.Casino\Roulette.Casino.csproj", "{9B250E85-0687-4CF9-A497-F9E3AEBC4266}"
EndProject
Project("{9A19103F-16F7-4668-BE54-9A1E7A4F7556}") = "Roulette.Tests", "Roulette.Tests\Roulette.Tests.csproj", "{6BE84FA3-9F1C-489E-A768-7920CDEB3CB2}"
EndProject
Project("{FAE04EC0-301F-11D3-BF4B-00C04F79EFBC}") = "Roulette.Bet", "Roulette.Bet\Roulette.Bet.csproj", "{42925F18-F682-4CC6-A253-94165CCF7C8E}"
EndProject
Project("{FAE04EC0-301F-11D3-BF4B-00C04F79EFBC}") = "Roulette", "Roulette\Roulette.csproj", "{20DAC44C-80C9-4B75-A4A6-832B89E6F9EB}"
EndProject
Project("{9A19103F-16F7-4668-BE54-9A1E7A4F7556}") = "Roulette.Players", "Roulette.Players\Roulette.Players.csproj", "{3E6935C4-628E-48E1-BAC5-07C71E3ED1D0}"
EndProject
Global
	GlobalSection(SolutionConfigurationPlatforms) = preSolution
		Debug|Any CPU = Debug|Any CPU
		Release|Any CPU = Release|Any CPU
	EndGlobalSection
	GlobalSection(ProjectConfigurationPlatforms) = postSolution
		{9B250E85-0687-4CF9-A497-F9E3AEBC4266}.Debug|Any CPU.ActiveCfg = Debug|Any CPU
		{9B250E85-0687-4CF9-A497-F9E3AEBC4266}.Debug|Any CPU.Build.0 = Debug|Any CPU
		{9B250E85-0687-4CF9-A497-F9E3AEBC4266}.Release|Any CPU.ActiveCfg = Release|Any CPU
		{9B250E85-0687-4CF9-A497-F9E3AEBC4266}.Release|Any CPU.Build.0 = Release|Any CPU
		{6BE84FA3-9F1C-489E-A768-7920CDEB3CB2}.Debug|Any CPU.ActiveCfg = Debug|Any CPU
		{6BE84FA3-9F1C-489E-A768-7920CDEB3CB2}.Debug|Any CPU.Build.0 = Debug|Any CPU
		{6BE84FA3-9F1C-489E-A768-7920CDEB3CB2}.Release|Any CPU.ActiveCfg = Release|Any CPU
		{6BE84FA3-9F1C-489E-A768-7920CDEB3CB2}.Release|Any CPU.Build.0 = Release|Any CPU
		{42925F18-F682-4CC6-A253-94165CCF7C8E}.Debug|Any CPU.ActiveCfg = Debug|Any CPU
		{42925F18-F682-4CC6-A253-94165CCF7C8E}.Debug|Any CPU.Build.0 = Debug|Any CPU
		{42925F18-F682-4CC6-A253-94165CCF7C8E}.Release|Any CPU.ActiveCfg = Release|Any CPU
		{42925F18-F682-4CC6-A253-94165CCF7C8E}.Release|Any CPU.Build.0 = Release|Any CPU
		{20DAC44C-80C9-4B75-A4A6-832B89E6F9EB}.Debug|Any CPU.ActiveCfg = Debug|Any CPU
		{20DAC44C-80C9-4B75-A4A6-832B89E6F9EB}.Debug|Any CPU.Build.0 = Debug|Any CPU
		{20DAC44C-80C9-4B75-A4A6-832B89E6F9EB}.Release|Any CPU.ActiveCfg = Release|Any CPU
		{20DAC44C-80C9-4B75-A4A6-832B89E6F9EB}.Release|Any CPU.Build.0 = Release|Any CPU
		{3E6935C4-628E-48E1-BAC5-07C71E3ED1D0}.Debug|Any CPU.ActiveCfg = Debug|Any CPU
		{3E6935C4-628E-48E1-BAC5-07C71E3ED1D0}.Debug|Any CPU.Build.0 = Debug|Any CPU
		{3E6935C4-628E-48E1-BAC5-07C71E3ED1D0}.Release|Any CPU.ActiveCfg = Release|Any CPU
		{3E6935C4-628E-48E1-BAC5-07C71E3ED1D0}.Release|Any CPU.Build.0 = Release|Any CPU
	EndGlobalSection
	GlobalSection(SolutionProperties) = preSolution
		HideSolutionNode = FALSE
	EndGlobalSection
	GlobalSection(ExtensibilityGlobals) = postSolution
		SolutionGuid = {D4BA3C79-99DB-4484-8EC5-C4D13F4CFAEB}
	EndGlobalSection
EndGlobal
