
Microsoft Visual Studio Solution File, Format Version 12.00
# Visual Studio 15
VisualStudioVersion = 15.0.28307.1231
MinimumVisualStudioVersion = 10.0.40219.1
Project("{FAE04EC0-301F-11D3-BF4B-00C04F79EFBC}") = "HW6Bash", "HW6Bash\HW6Bash.csproj", "{48599557-0071-414E-8D05-92EF083299CA}"
EndProject
Global
	GlobalSection(SolutionConfigurationPlatforms) = preSolution
		Debug|Any CPU = Debug|Any CPU
		Release|Any CPU = Release|Any CPU
	EndGlobalSection
	GlobalSection(ProjectConfigurationPlatforms) = postSolution
		{48599557-0071-414E-8D05-92EF083299CA}.Debug|Any CPU.ActiveCfg = Debug|Any CPU
		{48599557-0071-414E-8D05-92EF083299CA}.Debug|Any CPU.Build.0 = Debug|Any CPU
		{48599557-0071-414E-8D05-92EF083299CA}.Release|Any CPU.ActiveCfg = Release|Any CPU
		{48599557-0071-414E-8D05-92EF083299CA}.Release|Any CPU.Build.0 = Release|Any CPU
	EndGlobalSection
	GlobalSection(SolutionProperties) = preSolution
		HideSolutionNode = FALSE
	EndGlobalSection
	GlobalSection(ExtensibilityGlobals) = postSolution
		SolutionGuid = {6CF83FA8-0E2D-4406-8DC4-0A04E4953308}
	EndGlobalSection
EndGlobal
