
Microsoft Visual Studio Solution File, Format Version 12.00
# Visual Studio Version 16
VisualStudioVersion = 16.0.29920.165
MinimumVisualStudioVersion = 10.0.40219.1
Project("{9A19103F-16F7-4668-BE54-9A1E7A4F7556}") = "Task2Tests", "Task2Tests\Task2Tests.csproj", "{FC6F3DE3-22C8-4771-A7C6-8EC68835DB54}"
EndProject
Project("{9A19103F-16F7-4668-BE54-9A1E7A4F7556}") = "Task2", "Task2\Task2.csproj", "{5812D05E-DA56-472F-B188-64CE5689D7D5}"
EndProject
Global
	GlobalSection(SolutionConfigurationPlatforms) = preSolution
		Debug|Any CPU = Debug|Any CPU
		Release|Any CPU = Release|Any CPU
	EndGlobalSection
	GlobalSection(ProjectConfigurationPlatforms) = postSolution
		{FC6F3DE3-22C8-4771-A7C6-8EC68835DB54}.Debug|Any CPU.ActiveCfg = Debug|Any CPU
		{FC6F3DE3-22C8-4771-A7C6-8EC68835DB54}.Debug|Any CPU.Build.0 = Debug|Any CPU
		{FC6F3DE3-22C8-4771-A7C6-8EC68835DB54}.Release|Any CPU.ActiveCfg = Release|Any CPU
		{FC6F3DE3-22C8-4771-A7C6-8EC68835DB54}.Release|Any CPU.Build.0 = Release|Any CPU
		{5812D05E-DA56-472F-B188-64CE5689D7D5}.Debug|Any CPU.ActiveCfg = Debug|Any CPU
		{5812D05E-DA56-472F-B188-64CE5689D7D5}.Debug|Any CPU.Build.0 = Debug|Any CPU
		{5812D05E-DA56-472F-B188-64CE5689D7D5}.Release|Any CPU.ActiveCfg = Release|Any CPU
		{5812D05E-DA56-472F-B188-64CE5689D7D5}.Release|Any CPU.Build.0 = Release|Any CPU
	EndGlobalSection
	GlobalSection(SolutionProperties) = preSolution
		HideSolutionNode = FALSE
	EndGlobalSection
	GlobalSection(ExtensibilityGlobals) = postSolution
		SolutionGuid = {F6674CC7-C112-4D92-BEA0-E2E7EB81886F}
	EndGlobalSection
EndGlobal
