
Microsoft Visual Studio Solution File, Format Version 12.00
# Visual Studio Version 16
VisualStudioVersion = 16.0.29318.209
MinimumVisualStudioVersion = 10.0.40219.1
Project("{8BC9CEB8-8B4A-11D0-8D11-00A0C91BC942}") = "Task4", "Task4\Task4.vcxproj", "{E7EA97A8-D565-4C2B-B95D-6855298899B5}"
EndProject
Global
	GlobalSection(SolutionConfigurationPlatforms) = preSolution
		Debug|x64 = Debug|x64
		Debug|x86 = Debug|x86
		Release|x64 = Release|x64
		Release|x86 = Release|x86
	EndGlobalSection
	GlobalSection(ProjectConfigurationPlatforms) = postSolution
		{E7EA97A8-D565-4C2B-B95D-6855298899B5}.Debug|x64.ActiveCfg = Debug|x64
		{E7EA97A8-D565-4C2B-B95D-6855298899B5}.Debug|x64.Build.0 = Debug|x64
		{E7EA97A8-D565-4C2B-B95D-6855298899B5}.Debug|x86.ActiveCfg = Debug|Win32
		{E7EA97A8-D565-4C2B-B95D-6855298899B5}.Debug|x86.Build.0 = Debug|Win32
		{E7EA97A8-D565-4C2B-B95D-6855298899B5}.Release|x64.ActiveCfg = Release|x64
		{E7EA97A8-D565-4C2B-B95D-6855298899B5}.Release|x64.Build.0 = Release|x64
		{E7EA97A8-D565-4C2B-B95D-6855298899B5}.Release|x86.ActiveCfg = Release|Win32
		{E7EA97A8-D565-4C2B-B95D-6855298899B5}.Release|x86.Build.0 = Release|Win32
	EndGlobalSection
	GlobalSection(SolutionProperties) = preSolution
		HideSolutionNode = FALSE
	EndGlobalSection
	GlobalSection(ExtensibilityGlobals) = postSolution
		SolutionGuid = {F81CA39A-443F-4E6E-BD26-0F47718ED3B0}
	EndGlobalSection
EndGlobal
