
Microsoft Visual Studio Solution File, Format Version 12.00
# Visual Studio Version 16
VisualStudioVersion = 16.0.30517.126
MinimumVisualStudioVersion = 10.0.40219.1
Project("{FAE04EC0-301F-11D3-BF4B-00C04F79EFBC}") = "Plugins", "Plugins\Plugins.csproj", "{7FA7782A-A727-4B86-A77C-C6AEDE7A7968}"
EndProject
Project("{FAE04EC0-301F-11D3-BF4B-00C04F79EFBC}") = "Plugins.FirstDll", "Plugins.FirstDll\Plugins.FirstDll.csproj", "{BDD5578A-152C-4136-BE3D-929E911FDD44}"
EndProject
Project("{FAE04EC0-301F-11D3-BF4B-00C04F79EFBC}") = "Plugins.SecondDll", "Plugins.SecondDll\Plugins.SecondDll.csproj", "{CE44BE90-DDCE-48D0-984E-69CEF302344C}"
EndProject
Project("{FAE04EC0-301F-11D3-BF4B-00C04F79EFBC}") = "Plugins.Interface", "Plugins.Interface\Plugins.Interface.csproj", "{E13F7EB6-F6A5-4079-BCED-A183B3186F05}"
EndProject
Project("{FAE04EC0-301F-11D3-BF4B-00C04F79EFBC}") = "Plugins.Tests", "Plugins.Tests\Plugins.Tests.csproj", "{3462E080-E0D3-4E07-A93F-7C1AA28D7FD4}"
EndProject
Global
	GlobalSection(SolutionConfigurationPlatforms) = preSolution
		Debug|Any CPU = Debug|Any CPU
		Release|Any CPU = Release|Any CPU
	EndGlobalSection
	GlobalSection(ProjectConfigurationPlatforms) = postSolution
		{7FA7782A-A727-4B86-A77C-C6AEDE7A7968}.Debug|Any CPU.ActiveCfg = Debug|Any CPU
		{7FA7782A-A727-4B86-A77C-C6AEDE7A7968}.Debug|Any CPU.Build.0 = Debug|Any CPU
		{7FA7782A-A727-4B86-A77C-C6AEDE7A7968}.Release|Any CPU.ActiveCfg = Release|Any CPU
		{7FA7782A-A727-4B86-A77C-C6AEDE7A7968}.Release|Any CPU.Build.0 = Release|Any CPU
		{BDD5578A-152C-4136-BE3D-929E911FDD44}.Debug|Any CPU.ActiveCfg = Debug|Any CPU
		{BDD5578A-152C-4136-BE3D-929E911FDD44}.Debug|Any CPU.Build.0 = Debug|Any CPU
		{BDD5578A-152C-4136-BE3D-929E911FDD44}.Release|Any CPU.ActiveCfg = Release|Any CPU
		{BDD5578A-152C-4136-BE3D-929E911FDD44}.Release|Any CPU.Build.0 = Release|Any CPU
		{CE44BE90-DDCE-48D0-984E-69CEF302344C}.Debug|Any CPU.ActiveCfg = Debug|Any CPU
		{CE44BE90-DDCE-48D0-984E-69CEF302344C}.Debug|Any CPU.Build.0 = Debug|Any CPU
		{CE44BE90-DDCE-48D0-984E-69CEF302344C}.Release|Any CPU.ActiveCfg = Release|Any CPU
		{CE44BE90-DDCE-48D0-984E-69CEF302344C}.Release|Any CPU.Build.0 = Release|Any CPU
		{E13F7EB6-F6A5-4079-BCED-A183B3186F05}.Debug|Any CPU.ActiveCfg = Debug|Any CPU
		{E13F7EB6-F6A5-4079-BCED-A183B3186F05}.Debug|Any CPU.Build.0 = Debug|Any CPU
		{E13F7EB6-F6A5-4079-BCED-A183B3186F05}.Release|Any CPU.ActiveCfg = Release|Any CPU
		{E13F7EB6-F6A5-4079-BCED-A183B3186F05}.Release|Any CPU.Build.0 = Release|Any CPU
		{3462E080-E0D3-4E07-A93F-7C1AA28D7FD4}.Debug|Any CPU.ActiveCfg = Debug|Any CPU
		{3462E080-E0D3-4E07-A93F-7C1AA28D7FD4}.Debug|Any CPU.Build.0 = Debug|Any CPU
		{3462E080-E0D3-4E07-A93F-7C1AA28D7FD4}.Release|Any CPU.ActiveCfg = Release|Any CPU
		{3462E080-E0D3-4E07-A93F-7C1AA28D7FD4}.Release|Any CPU.Build.0 = Release|Any CPU
	EndGlobalSection
	GlobalSection(SolutionProperties) = preSolution
		HideSolutionNode = FALSE
	EndGlobalSection
	GlobalSection(ExtensibilityGlobals) = postSolution
		SolutionGuid = {C13F1A71-4FC4-4350-8FFE-605093D989B9}
	EndGlobalSection
EndGlobal
