
Microsoft Visual Studio Solution File, Format Version 12.00
# Visual Studio Version 16
VisualStudioVersion = 16.0.30002.166
MinimumVisualStudioVersion = 10.0.40219.1
Project("{9A19103F-16F7-4668-BE54-9A1E7A4F7556}") = "SimpleHierarchy", "SimpleHierarchy\SimpleHierarchy.csproj", "{F3EC4E63-1172-449E-A8A8-CF5FD1D91CD4}"
EndProject
Project("{9A19103F-16F7-4668-BE54-9A1E7A4F7556}") = "SimpleHierarchy.BaseClass", "SimpleHierarchy.BaseClass\SimpleHierarchy.BaseClass.csproj", "{17F7ECF8-6CF3-4DCF-B541-AE08C97BB9FA}"
EndProject
Project("{9A19103F-16F7-4668-BE54-9A1E7A4F7556}") = "SimpleHierarchy.InheritorClasses", "SimpleHierarchy.InheritorClasses\SimpleHierarchy.InheritorClasses.csproj", "{941CC3D9-366D-4CFB-8B93-F7CCE33F7B73}"
EndProject
Project("{9A19103F-16F7-4668-BE54-9A1E7A4F7556}") = "SimpleHierarchy.Tests", "SimpleHierarchy.Tests\SimpleHierarchy.Tests.csproj", "{4D837481-55B4-443D-8221-97424D9EEBF3}"
EndProject
Global
	GlobalSection(SolutionConfigurationPlatforms) = preSolution
		Debug|Any CPU = Debug|Any CPU
		Release|Any CPU = Release|Any CPU
	EndGlobalSection
	GlobalSection(ProjectConfigurationPlatforms) = postSolution
		{F3EC4E63-1172-449E-A8A8-CF5FD1D91CD4}.Debug|Any CPU.ActiveCfg = Debug|Any CPU
		{F3EC4E63-1172-449E-A8A8-CF5FD1D91CD4}.Debug|Any CPU.Build.0 = Debug|Any CPU
		{F3EC4E63-1172-449E-A8A8-CF5FD1D91CD4}.Release|Any CPU.ActiveCfg = Release|Any CPU
		{F3EC4E63-1172-449E-A8A8-CF5FD1D91CD4}.Release|Any CPU.Build.0 = Release|Any CPU
		{17F7ECF8-6CF3-4DCF-B541-AE08C97BB9FA}.Debug|Any CPU.ActiveCfg = Debug|Any CPU
		{17F7ECF8-6CF3-4DCF-B541-AE08C97BB9FA}.Debug|Any CPU.Build.0 = Debug|Any CPU
		{17F7ECF8-6CF3-4DCF-B541-AE08C97BB9FA}.Release|Any CPU.ActiveCfg = Release|Any CPU
		{17F7ECF8-6CF3-4DCF-B541-AE08C97BB9FA}.Release|Any CPU.Build.0 = Release|Any CPU
		{941CC3D9-366D-4CFB-8B93-F7CCE33F7B73}.Debug|Any CPU.ActiveCfg = Debug|Any CPU
		{941CC3D9-366D-4CFB-8B93-F7CCE33F7B73}.Debug|Any CPU.Build.0 = Debug|Any CPU
		{941CC3D9-366D-4CFB-8B93-F7CCE33F7B73}.Release|Any CPU.ActiveCfg = Release|Any CPU
		{941CC3D9-366D-4CFB-8B93-F7CCE33F7B73}.Release|Any CPU.Build.0 = Release|Any CPU
		{4D837481-55B4-443D-8221-97424D9EEBF3}.Debug|Any CPU.ActiveCfg = Debug|Any CPU
		{4D837481-55B4-443D-8221-97424D9EEBF3}.Debug|Any CPU.Build.0 = Debug|Any CPU
		{4D837481-55B4-443D-8221-97424D9EEBF3}.Release|Any CPU.ActiveCfg = Release|Any CPU
		{4D837481-55B4-443D-8221-97424D9EEBF3}.Release|Any CPU.Build.0 = Release|Any CPU
	EndGlobalSection
	GlobalSection(SolutionProperties) = preSolution
		HideSolutionNode = FALSE
	EndGlobalSection
	GlobalSection(ExtensibilityGlobals) = postSolution
		SolutionGuid = {57FB2DC5-FF99-419C-A595-959FF224BF9F}
	EndGlobalSection
EndGlobal
