
Microsoft Visual Studio Solution File, Format Version 12.00
# Visual Studio Version 16
VisualStudioVersion = 16.0.30503.244
MinimumVisualStudioVersion = 10.0.40219.1
Project("{FAE04EC0-301F-11D3-BF4B-00C04F79EFBC}") = "ThreadPool", "ThreadPool\ThreadPool.csproj", "{B7D4610F-D4B1-4FD4-8493-CE1836576CB4}"
EndProject
Project("{FAE04EC0-301F-11D3-BF4B-00C04F79EFBC}") = "ThreadPool.Library", "ThreadPool.Library\ThreadPool.Library.csproj", "{CC848E92-482B-449A-8BC9-7D57E9FC0318}"
EndProject
Project("{FAE04EC0-301F-11D3-BF4B-00C04F79EFBC}") = "ThreadPool.Test", "ThreadPool.Test\ThreadPool.Test.csproj", "{5B907468-7117-4F66-938B-BBD899E61882}"
EndProject
Global
	GlobalSection(SolutionConfigurationPlatforms) = preSolution
		Debug|Any CPU = Debug|Any CPU
		Release|Any CPU = Release|Any CPU
	EndGlobalSection
	GlobalSection(ProjectConfigurationPlatforms) = postSolution
		{B7D4610F-D4B1-4FD4-8493-CE1836576CB4}.Debug|Any CPU.ActiveCfg = Debug|Any CPU
		{B7D4610F-D4B1-4FD4-8493-CE1836576CB4}.Debug|Any CPU.Build.0 = Debug|Any CPU
		{B7D4610F-D4B1-4FD4-8493-CE1836576CB4}.Release|Any CPU.ActiveCfg = Release|Any CPU
		{B7D4610F-D4B1-4FD4-8493-CE1836576CB4}.Release|Any CPU.Build.0 = Release|Any CPU
		{CC848E92-482B-449A-8BC9-7D57E9FC0318}.Debug|Any CPU.ActiveCfg = Debug|Any CPU
		{CC848E92-482B-449A-8BC9-7D57E9FC0318}.Debug|Any CPU.Build.0 = Debug|Any CPU
		{CC848E92-482B-449A-8BC9-7D57E9FC0318}.Release|Any CPU.ActiveCfg = Release|Any CPU
		{CC848E92-482B-449A-8BC9-7D57E9FC0318}.Release|Any CPU.Build.0 = Release|Any CPU
		{5B907468-7117-4F66-938B-BBD899E61882}.Debug|Any CPU.ActiveCfg = Debug|Any CPU
		{5B907468-7117-4F66-938B-BBD899E61882}.Debug|Any CPU.Build.0 = Debug|Any CPU
		{5B907468-7117-4F66-938B-BBD899E61882}.Release|Any CPU.ActiveCfg = Release|Any CPU
		{5B907468-7117-4F66-938B-BBD899E61882}.Release|Any CPU.Build.0 = Release|Any CPU
	EndGlobalSection
	GlobalSection(SolutionProperties) = preSolution
		HideSolutionNode = FALSE
	EndGlobalSection
	GlobalSection(ExtensibilityGlobals) = postSolution
		SolutionGuid = {54731E3D-7AC1-40D4-AF3E-BB5BB84CF4E4}
	EndGlobalSection
EndGlobal
