
Microsoft Visual Studio Solution File, Format Version 12.00
# Visual Studio Version 16
VisualStudioVersion = 16.0.30011.22
MinimumVisualStudioVersion = 10.0.40219.1
Project("{9A19103F-16F7-4668-BE54-9A1E7A4F7556}") = "Task3Plugins", "Task3Plugins.csproj", "{FB21E526-9481-432F-BBFF-A78F3A120127}"
EndProject
Project("{FAE04EC0-301F-11D3-BF4B-00C04F79EFBC}") = "InterfaceLibrary", "..\InterfaceLibrary\InterfaceLibrary.csproj", "{F72AB7EB-7238-44A1-A8C3-B0BEFF0F5C5D}"
EndProject
Project("{FAE04EC0-301F-11D3-BF4B-00C04F79EFBC}") = "PartyOfRussia", "..\PartyOfRussia\PartyOfRussia.csproj", "{FD14F205-1611-46FA-83C4-7360B381475B}"
EndProject
Project("{FAE04EC0-301F-11D3-BF4B-00C04F79EFBC}") = "PartyOfUSA", "..\PartyOfUSA\PartyOfUSA.csproj", "{00C08E84-7112-458A-BDFA-A0D03A3D3CAA}"
EndProject
Project("{FAE04EC0-301F-11D3-BF4B-00C04F79EFBC}") = "Task3Plugins.Tests", "..\Task3Plugins.Tests\Task3Plugins.Tests.csproj", "{23C3D6B6-C038-4CC1-82EF-C6B1556AEE4A}"
EndProject
Global
	GlobalSection(SolutionConfigurationPlatforms) = preSolution
		Debug|Any CPU = Debug|Any CPU
		Release|Any CPU = Release|Any CPU
	EndGlobalSection
	GlobalSection(ProjectConfigurationPlatforms) = postSolution
		{FB21E526-9481-432F-BBFF-A78F3A120127}.Debug|Any CPU.ActiveCfg = Debug|Any CPU
		{FB21E526-9481-432F-BBFF-A78F3A120127}.Debug|Any CPU.Build.0 = Debug|Any CPU
		{FB21E526-9481-432F-BBFF-A78F3A120127}.Release|Any CPU.ActiveCfg = Release|Any CPU
		{FB21E526-9481-432F-BBFF-A78F3A120127}.Release|Any CPU.Build.0 = Release|Any CPU
		{F72AB7EB-7238-44A1-A8C3-B0BEFF0F5C5D}.Debug|Any CPU.ActiveCfg = Debug|Any CPU
		{F72AB7EB-7238-44A1-A8C3-B0BEFF0F5C5D}.Debug|Any CPU.Build.0 = Debug|Any CPU
		{F72AB7EB-7238-44A1-A8C3-B0BEFF0F5C5D}.Release|Any CPU.ActiveCfg = Release|Any CPU
		{F72AB7EB-7238-44A1-A8C3-B0BEFF0F5C5D}.Release|Any CPU.Build.0 = Release|Any CPU
		{FD14F205-1611-46FA-83C4-7360B381475B}.Debug|Any CPU.ActiveCfg = Debug|Any CPU
		{FD14F205-1611-46FA-83C4-7360B381475B}.Debug|Any CPU.Build.0 = Debug|Any CPU
		{FD14F205-1611-46FA-83C4-7360B381475B}.Release|Any CPU.ActiveCfg = Release|Any CPU
		{FD14F205-1611-46FA-83C4-7360B381475B}.Release|Any CPU.Build.0 = Release|Any CPU
		{00C08E84-7112-458A-BDFA-A0D03A3D3CAA}.Debug|Any CPU.ActiveCfg = Debug|Any CPU
		{00C08E84-7112-458A-BDFA-A0D03A3D3CAA}.Debug|Any CPU.Build.0 = Debug|Any CPU
		{00C08E84-7112-458A-BDFA-A0D03A3D3CAA}.Release|Any CPU.ActiveCfg = Release|Any CPU
		{00C08E84-7112-458A-BDFA-A0D03A3D3CAA}.Release|Any CPU.Build.0 = Release|Any CPU
		{23C3D6B6-C038-4CC1-82EF-C6B1556AEE4A}.Debug|Any CPU.ActiveCfg = Debug|Any CPU
		{23C3D6B6-C038-4CC1-82EF-C6B1556AEE4A}.Debug|Any CPU.Build.0 = Debug|Any CPU
		{23C3D6B6-C038-4CC1-82EF-C6B1556AEE4A}.Release|Any CPU.ActiveCfg = Release|Any CPU
		{23C3D6B6-C038-4CC1-82EF-C6B1556AEE4A}.Release|Any CPU.Build.0 = Release|Any CPU
	EndGlobalSection
	GlobalSection(SolutionProperties) = preSolution
		HideSolutionNode = FALSE
	EndGlobalSection
	GlobalSection(ExtensibilityGlobals) = postSolution
		SolutionGuid = {8F566E6A-CEE3-4C7E-A574-1BDDBE90DDC6}
	EndGlobalSection
EndGlobal
