
Microsoft Visual Studio Solution File, Format Version 12.00
# Visual Studio Version 16
VisualStudioVersion = 16.0.29920.165
MinimumVisualStudioVersion = 10.0.40219.1
Project("{9A19103F-16F7-4668-BE54-9A1E7A4F7556}") = "Roullete", "Roullete.csproj", "{88339474-EE5C-442E-8948-482B88B9275D}"
EndProject
Project("{9A19103F-16F7-4668-BE54-9A1E7A4F7556}") = "Casino", "..\Table\Casino.csproj", "{CDB56E22-283B-48D7-BB68-23DEC7AAB7A0}"
EndProject
Project("{9A19103F-16F7-4668-BE54-9A1E7A4F7556}") = "Players", "..\AbstractPlayer\Players.csproj", "{4D7A30C1-B24C-4548-8FE1-E18BE3A9BFF1}"
EndProject
Project("{FAE04EC0-301F-11D3-BF4B-00C04F79EFBC}") = "RoulleteTest", "..\RoulleteTest\RoulleteTest.csproj", "{83DD9C78-A2EF-4668-B278-9DFB695C13F3}"
EndProject
Global
	GlobalSection(SolutionConfigurationPlatforms) = preSolution
		Debug|Any CPU = Debug|Any CPU
		Release|Any CPU = Release|Any CPU
	EndGlobalSection
	GlobalSection(ProjectConfigurationPlatforms) = postSolution
		{88339474-EE5C-442E-8948-482B88B9275D}.Debug|Any CPU.ActiveCfg = Debug|Any CPU
		{88339474-EE5C-442E-8948-482B88B9275D}.Debug|Any CPU.Build.0 = Debug|Any CPU
		{88339474-EE5C-442E-8948-482B88B9275D}.Release|Any CPU.ActiveCfg = Release|Any CPU
		{88339474-EE5C-442E-8948-482B88B9275D}.Release|Any CPU.Build.0 = Release|Any CPU
		{CDB56E22-283B-48D7-BB68-23DEC7AAB7A0}.Debug|Any CPU.ActiveCfg = Debug|Any CPU
		{CDB56E22-283B-48D7-BB68-23DEC7AAB7A0}.Debug|Any CPU.Build.0 = Debug|Any CPU
		{CDB56E22-283B-48D7-BB68-23DEC7AAB7A0}.Release|Any CPU.ActiveCfg = Release|Any CPU
		{CDB56E22-283B-48D7-BB68-23DEC7AAB7A0}.Release|Any CPU.Build.0 = Release|Any CPU
		{4D7A30C1-B24C-4548-8FE1-E18BE3A9BFF1}.Debug|Any CPU.ActiveCfg = Debug|Any CPU
		{4D7A30C1-B24C-4548-8FE1-E18BE3A9BFF1}.Debug|Any CPU.Build.0 = Debug|Any CPU
		{4D7A30C1-B24C-4548-8FE1-E18BE3A9BFF1}.Release|Any CPU.ActiveCfg = Release|Any CPU
		{4D7A30C1-B24C-4548-8FE1-E18BE3A9BFF1}.Release|Any CPU.Build.0 = Release|Any CPU
		{83DD9C78-A2EF-4668-B278-9DFB695C13F3}.Debug|Any CPU.ActiveCfg = Debug|Any CPU
		{83DD9C78-A2EF-4668-B278-9DFB695C13F3}.Debug|Any CPU.Build.0 = Debug|Any CPU
		{83DD9C78-A2EF-4668-B278-9DFB695C13F3}.Release|Any CPU.ActiveCfg = Release|Any CPU
		{83DD9C78-A2EF-4668-B278-9DFB695C13F3}.Release|Any CPU.Build.0 = Release|Any CPU
	EndGlobalSection
	GlobalSection(SolutionProperties) = preSolution
		HideSolutionNode = FALSE
	EndGlobalSection
	GlobalSection(ExtensibilityGlobals) = postSolution
		SolutionGuid = {580AA8EF-5330-4BFD-BE50-6827AD672310}
	EndGlobalSection
EndGlobal
