
Microsoft Visual Studio Solution File, Format Version 12.00
# Visual Studio Version 16
VisualStudioVersion = 16.0.30517.126
MinimumVisualStudioVersion = 10.0.40219.1
Project("{9A19103F-16F7-4668-BE54-9A1E7A4F7556}") = "WeakReference", "WeakReference\WeakReference.csproj", "{9714B3FD-5AEB-4B44-95E0-8FC2B94EAEB0}"
EndProject
Project("{9A19103F-16F7-4668-BE54-9A1E7A4F7556}") = "WeakReference.WeakBinaryTree", "WeakReference.WeakBST\WeakReference.WeakBinaryTree.csproj", "{547851D5-CE79-479A-852E-35432A23BA45}"
EndProject
Project("{FAE04EC0-301F-11D3-BF4B-00C04F79EFBC}") = "WeakReference.Tests", "WeakReference.Tests\WeakReference.Tests.csproj", "{667BCBBC-8E5E-4435-B583-35A8071EF335}"
EndProject
Global
	GlobalSection(SolutionConfigurationPlatforms) = preSolution
		Debug|Any CPU = Debug|Any CPU
		Release|Any CPU = Release|Any CPU
	EndGlobalSection
	GlobalSection(ProjectConfigurationPlatforms) = postSolution
		{9714B3FD-5AEB-4B44-95E0-8FC2B94EAEB0}.Debug|Any CPU.ActiveCfg = Debug|Any CPU
		{9714B3FD-5AEB-4B44-95E0-8FC2B94EAEB0}.Debug|Any CPU.Build.0 = Debug|Any CPU
		{9714B3FD-5AEB-4B44-95E0-8FC2B94EAEB0}.Release|Any CPU.ActiveCfg = Release|Any CPU
		{9714B3FD-5AEB-4B44-95E0-8FC2B94EAEB0}.Release|Any CPU.Build.0 = Release|Any CPU
		{547851D5-CE79-479A-852E-35432A23BA45}.Debug|Any CPU.ActiveCfg = Debug|Any CPU
		{547851D5-CE79-479A-852E-35432A23BA45}.Debug|Any CPU.Build.0 = Debug|Any CPU
		{547851D5-CE79-479A-852E-35432A23BA45}.Release|Any CPU.ActiveCfg = Release|Any CPU
		{547851D5-CE79-479A-852E-35432A23BA45}.Release|Any CPU.Build.0 = Release|Any CPU
		{667BCBBC-8E5E-4435-B583-35A8071EF335}.Debug|Any CPU.ActiveCfg = Debug|Any CPU
		{667BCBBC-8E5E-4435-B583-35A8071EF335}.Debug|Any CPU.Build.0 = Debug|Any CPU
		{667BCBBC-8E5E-4435-B583-35A8071EF335}.Release|Any CPU.ActiveCfg = Release|Any CPU
		{667BCBBC-8E5E-4435-B583-35A8071EF335}.Release|Any CPU.Build.0 = Release|Any CPU
	EndGlobalSection
	GlobalSection(SolutionProperties) = preSolution
		HideSolutionNode = FALSE
	EndGlobalSection
	GlobalSection(ExtensibilityGlobals) = postSolution
		SolutionGuid = {596134F4-09B9-4514-AD36-C8DD0CE2A2C7}
	EndGlobalSection
EndGlobal
