
Microsoft Visual Studio Solution File, Format Version 12.00
# Visual Studio Version 16
VisualStudioVersion = 16.0.30503.244
MinimumVisualStudioVersion = 10.0.40219.1
Project("{9A19103F-16F7-4668-BE54-9A1E7A4F7556}") = "TaskMPI_Qsort", "TaskMPI_Qsort.csproj", "{08C18BB4-B04A-4F82-95F3-F564A7F6DAAE}"
EndProject
Project("{FAE04EC0-301F-11D3-BF4B-00C04F79EFBC}") = "TaskMPI_Qsort.Tests", "..\TaskMPI_Qsort.Tests\TaskMPI_Qsort.Tests.csproj", "{3933DB31-029B-4A03-A1CF-82D1C7EDB642}"
EndProject
Global
	GlobalSection(SolutionConfigurationPlatforms) = preSolution
		Debug|Any CPU = Debug|Any CPU
		Release|Any CPU = Release|Any CPU
	EndGlobalSection
	GlobalSection(ProjectConfigurationPlatforms) = postSolution
		{08C18BB4-B04A-4F82-95F3-F564A7F6DAAE}.Debug|Any CPU.ActiveCfg = Debug|Any CPU
		{08C18BB4-B04A-4F82-95F3-F564A7F6DAAE}.Debug|Any CPU.Build.0 = Debug|Any CPU
		{08C18BB4-B04A-4F82-95F3-F564A7F6DAAE}.Release|Any CPU.ActiveCfg = Release|Any CPU
		{08C18BB4-B04A-4F82-95F3-F564A7F6DAAE}.Release|Any CPU.Build.0 = Release|Any CPU
		{3933DB31-029B-4A03-A1CF-82D1C7EDB642}.Debug|Any CPU.ActiveCfg = Debug|Any CPU
		{3933DB31-029B-4A03-A1CF-82D1C7EDB642}.Debug|Any CPU.Build.0 = Debug|Any CPU
		{3933DB31-029B-4A03-A1CF-82D1C7EDB642}.Release|Any CPU.ActiveCfg = Release|Any CPU
		{3933DB31-029B-4A03-A1CF-82D1C7EDB642}.Release|Any CPU.Build.0 = Release|Any CPU
	EndGlobalSection
	GlobalSection(SolutionProperties) = preSolution
		HideSolutionNode = FALSE
	EndGlobalSection
	GlobalSection(ExtensibilityGlobals) = postSolution
		SolutionGuid = {45FEAC7C-2A51-442D-A2EA-C99A5185AD2B}
	EndGlobalSection
EndGlobal
