
Microsoft Visual Studio Solution File, Format Version 12.00
# Visual Studio Version 16
VisualStudioVersion = 16.0.30503.244
MinimumVisualStudioVersion = 10.0.40219.1
Project("{FAE04EC0-301F-11D3-BF4B-00C04F79EFBC}") = "WF", "WF.csproj", "{2D70855F-0CBF-4A0C-94FA-16EA0EFB8BBC}"
EndProject
Project("{FAE04EC0-301F-11D3-BF4B-00C04F79EFBC}") = "MathLibrary", "..\MathLibrary\MathLibrary.csproj", "{8D91B7ED-C065-44B3-BEA0-8863197C29B4}"
EndProject
Global
	GlobalSection(SolutionConfigurationPlatforms) = preSolution
		Debug|Any CPU = Debug|Any CPU
		Release|Any CPU = Release|Any CPU
	EndGlobalSection
	GlobalSection(ProjectConfigurationPlatforms) = postSolution
		{2D70855F-0CBF-4A0C-94FA-16EA0EFB8BBC}.Debug|Any CPU.ActiveCfg = Debug|Any CPU
		{2D70855F-0CBF-4A0C-94FA-16EA0EFB8BBC}.Debug|Any CPU.Build.0 = Debug|Any CPU
		{2D70855F-0CBF-4A0C-94FA-16EA0EFB8BBC}.Release|Any CPU.ActiveCfg = Release|Any CPU
		{2D70855F-0CBF-4A0C-94FA-16EA0EFB8BBC}.Release|Any CPU.Build.0 = Release|Any CPU
		{8D91B7ED-C065-44B3-BEA0-8863197C29B4}.Debug|Any CPU.ActiveCfg = Debug|Any CPU
		{8D91B7ED-C065-44B3-BEA0-8863197C29B4}.Debug|Any CPU.Build.0 = Debug|Any CPU
		{8D91B7ED-C065-44B3-BEA0-8863197C29B4}.Release|Any CPU.ActiveCfg = Release|Any CPU
		{8D91B7ED-C065-44B3-BEA0-8863197C29B4}.Release|Any CPU.Build.0 = Release|Any CPU
	EndGlobalSection
	GlobalSection(SolutionProperties) = preSolution
		HideSolutionNode = FALSE
	EndGlobalSection
	GlobalSection(ExtensibilityGlobals) = postSolution
		SolutionGuid = {29B32FB9-96D0-410C-9F55-9D128051FBE0}
	EndGlobalSection
EndGlobal
