
Microsoft Visual Studio Solution File, Format Version 12.00
# Visual Studio Version 16
VisualStudioVersion = 16.0.30225.117
MinimumVisualStudioVersion = 10.0.40219.1
Project("{9A19103F-16F7-4668-BE54-9A1E7A4F7556}") = "HierarchyTank", "HierarchyTank\HierarchyTank.csproj", "{A1F77837-B32C-494A-8ACA-3543CD3782E3}"
EndProject
Project("{9A19103F-16F7-4668-BE54-9A1E7A4F7556}") = "HierarchyTank.Test", "HierarchyTank.Test\HierarchyTank.Test.csproj", "{AB0EC12F-12CD-43A1-A840-4386F647C002}"
EndProject
Project("{FAE04EC0-301F-11D3-BF4B-00C04F79EFBC}") = "AbstractTank", "AbstractTank\AbstractTank.csproj", "{3DE6AED8-87CE-4739-917E-78FDF31A9354}"
EndProject
Project("{FAE04EC0-301F-11D3-BF4B-00C04F79EFBC}") = "TankConfig", "TankConfig\TankConfig.csproj", "{FA20EB70-F055-4EE1-AF72-F772078DD263}"
EndProject
Global
	GlobalSection(SolutionConfigurationPlatforms) = preSolution
		Debug|Any CPU = Debug|Any CPU
		Release|Any CPU = Release|Any CPU
	EndGlobalSection
	GlobalSection(ProjectConfigurationPlatforms) = postSolution
		{A1F77837-B32C-494A-8ACA-3543CD3782E3}.Debug|Any CPU.ActiveCfg = Debug|Any CPU
		{A1F77837-B32C-494A-8ACA-3543CD3782E3}.Debug|Any CPU.Build.0 = Debug|Any CPU
		{A1F77837-B32C-494A-8ACA-3543CD3782E3}.Release|Any CPU.ActiveCfg = Release|Any CPU
		{A1F77837-B32C-494A-8ACA-3543CD3782E3}.Release|Any CPU.Build.0 = Release|Any CPU
		{AB0EC12F-12CD-43A1-A840-4386F647C002}.Debug|Any CPU.ActiveCfg = Debug|Any CPU
		{AB0EC12F-12CD-43A1-A840-4386F647C002}.Debug|Any CPU.Build.0 = Debug|Any CPU
		{AB0EC12F-12CD-43A1-A840-4386F647C002}.Release|Any CPU.ActiveCfg = Release|Any CPU
		{AB0EC12F-12CD-43A1-A840-4386F647C002}.Release|Any CPU.Build.0 = Release|Any CPU
		{3DE6AED8-87CE-4739-917E-78FDF31A9354}.Debug|Any CPU.ActiveCfg = Debug|Any CPU
		{3DE6AED8-87CE-4739-917E-78FDF31A9354}.Debug|Any CPU.Build.0 = Debug|Any CPU
		{3DE6AED8-87CE-4739-917E-78FDF31A9354}.Release|Any CPU.ActiveCfg = Release|Any CPU
		{3DE6AED8-87CE-4739-917E-78FDF31A9354}.Release|Any CPU.Build.0 = Release|Any CPU
		{FA20EB70-F055-4EE1-AF72-F772078DD263}.Debug|Any CPU.ActiveCfg = Debug|Any CPU
		{FA20EB70-F055-4EE1-AF72-F772078DD263}.Debug|Any CPU.Build.0 = Debug|Any CPU
		{FA20EB70-F055-4EE1-AF72-F772078DD263}.Release|Any CPU.ActiveCfg = Release|Any CPU
		{FA20EB70-F055-4EE1-AF72-F772078DD263}.Release|Any CPU.Build.0 = Release|Any CPU
	EndGlobalSection
	GlobalSection(SolutionProperties) = preSolution
		HideSolutionNode = FALSE
	EndGlobalSection
	GlobalSection(ExtensibilityGlobals) = postSolution
		SolutionGuid = {281F3D87-23C6-496C-B5F6-45544302C140}
	EndGlobalSection
EndGlobal
