
Microsoft Visual Studio Solution File, Format Version 12.00
# Visual Studio Version 16
VisualStudioVersion = 16.0.29905.134
MinimumVisualStudioVersion = 10.0.40219.1
Project("{9A19103F-16F7-4668-BE54-9A1E7A4F7556}") = "Generics", "Generics\Generics.csproj", "{766C531C-12C5-49E2-A1CB-E456F13AD764}"
EndProject
Project("{9A19103F-16F7-4668-BE54-9A1E7A4F7556}") = "UnitTestProject", "UnitTestProject1\UnitTestProject.csproj", "{C81E7340-AF91-43B9-A81F-23F884937262}"
EndProject
Global
	GlobalSection(SolutionConfigurationPlatforms) = preSolution
		Debug|Any CPU = Debug|Any CPU
		Release|Any CPU = Release|Any CPU
	EndGlobalSection
	GlobalSection(ProjectConfigurationPlatforms) = postSolution
		{766C531C-12C5-49E2-A1CB-E456F13AD764}.Debug|Any CPU.ActiveCfg = Debug|Any CPU
		{766C531C-12C5-49E2-A1CB-E456F13AD764}.Debug|Any CPU.Build.0 = Debug|Any CPU
		{766C531C-12C5-49E2-A1CB-E456F13AD764}.Release|Any CPU.ActiveCfg = Release|Any CPU
		{766C531C-12C5-49E2-A1CB-E456F13AD764}.Release|Any CPU.Build.0 = Release|Any CPU
		{C81E7340-AF91-43B9-A81F-23F884937262}.Debug|Any CPU.ActiveCfg = Debug|Any CPU
		{C81E7340-AF91-43B9-A81F-23F884937262}.Debug|Any CPU.Build.0 = Debug|Any CPU
		{C81E7340-AF91-43B9-A81F-23F884937262}.Release|Any CPU.ActiveCfg = Release|Any CPU
		{C81E7340-AF91-43B9-A81F-23F884937262}.Release|Any CPU.Build.0 = Release|Any CPU
	EndGlobalSection
	GlobalSection(SolutionProperties) = preSolution
		HideSolutionNode = FALSE
	EndGlobalSection
	GlobalSection(ExtensibilityGlobals) = postSolution
		SolutionGuid = {270B987B-3EB3-4711-86E0-E5DC44765CBE}
	EndGlobalSection
EndGlobal
