
Microsoft Visual Studio Solution File, Format Version 12.00
# Visual Studio Version 16
VisualStudioVersion = 16.0.30503.244
MinimumVisualStudioVersion = 10.0.40219.1
Project("{FAE04EC0-301F-11D3-BF4B-00C04F79EFBC}") = "UI.Tests", "UI.Tests.csproj", "{4CCBFFF3-A464-44BE-A2A9-A7B94F1271BA}"
EndProject
Project("{9A19103F-16F7-4668-BE54-9A1E7A4F7556}") = "MathLibrary", "..\MathLibrary\MathLibrary.csproj", "{27962756-F4A3-4F3E-A60F-19BA27406408}"
EndProject
Global
	GlobalSection(SolutionConfigurationPlatforms) = preSolution
		Debug|Any CPU = Debug|Any CPU
		Release|Any CPU = Release|Any CPU
	EndGlobalSection
	GlobalSection(ProjectConfigurationPlatforms) = postSolution
		{4CCBFFF3-A464-44BE-A2A9-A7B94F1271BA}.Debug|Any CPU.ActiveCfg = Debug|Any CPU
		{4CCBFFF3-A464-44BE-A2A9-A7B94F1271BA}.Debug|Any CPU.Build.0 = Debug|Any CPU
		{4CCBFFF3-A464-44BE-A2A9-A7B94F1271BA}.Release|Any CPU.ActiveCfg = Release|Any CPU
		{4CCBFFF3-A464-44BE-A2A9-A7B94F1271BA}.Release|Any CPU.Build.0 = Release|Any CPU
		{27962756-F4A3-4F3E-A60F-19BA27406408}.Debug|Any CPU.ActiveCfg = Debug|Any CPU
		{27962756-F4A3-4F3E-A60F-19BA27406408}.Debug|Any CPU.Build.0 = Debug|Any CPU
		{27962756-F4A3-4F3E-A60F-19BA27406408}.Release|Any CPU.ActiveCfg = Release|Any CPU
		{27962756-F4A3-4F3E-A60F-19BA27406408}.Release|Any CPU.Build.0 = Release|Any CPU
	EndGlobalSection
	GlobalSection(SolutionProperties) = preSolution
		HideSolutionNode = FALSE
	EndGlobalSection
	GlobalSection(ExtensibilityGlobals) = postSolution
		SolutionGuid = {F642943D-3A55-43A9-8654-F2440D511632}
	EndGlobalSection
EndGlobal
